
Microsoft Visual Studio Solution File, Format Version 12.00
# Visual Studio 14
VisualStudioVersion = 14.0.25420.1
MinimumVisualStudioVersion = 10.0.40219.1
Project("{FAE04EC0-301F-11D3-BF4B-00C04F79EFBC}") = "TesteUnitarioAutomatico", "TesteUnitarioAutomatico\TesteUnitarioAutomatico.csproj", "{B9116B8C-BC3E-44DF-93C6-358FC308B943}"
EndProject
Project("{FAE04EC0-301F-11D3-BF4B-00C04F79EFBC}") = "TesteDoLados", "TesteDoLados\TesteDoLados.csproj", "{7BFEC9DF-C73E-465D-88DF-9B1B67A447E7}"
EndProject
Project("{2150E333-8FDC-42A3-9474-1A3956D46DE8}") = "Solution Items", "Solution Items", "{20072FCC-9A85-4AB7-9CF2-D11FCD5F2C5C}"
EndProject
Global
	GlobalSection(SolutionConfigurationPlatforms) = preSolution
		Debug|Any CPU = Debug|Any CPU
		Release|Any CPU = Release|Any CPU
	EndGlobalSection
	GlobalSection(ProjectConfigurationPlatforms) = postSolution
		{B9116B8C-BC3E-44DF-93C6-358FC308B943}.Debug|Any CPU.ActiveCfg = Debug|Any CPU
		{B9116B8C-BC3E-44DF-93C6-358FC308B943}.Debug|Any CPU.Build.0 = Debug|Any CPU
		{B9116B8C-BC3E-44DF-93C6-358FC308B943}.Release|Any CPU.ActiveCfg = Release|Any CPU
		{B9116B8C-BC3E-44DF-93C6-358FC308B943}.Release|Any CPU.Build.0 = Release|Any CPU
		{7BFEC9DF-C73E-465D-88DF-9B1B67A447E7}.Debug|Any CPU.ActiveCfg = Debug|Any CPU
		{7BFEC9DF-C73E-465D-88DF-9B1B67A447E7}.Debug|Any CPU.Build.0 = Debug|Any CPU
		{7BFEC9DF-C73E-465D-88DF-9B1B67A447E7}.Release|Any CPU.ActiveCfg = Release|Any CPU
		{7BFEC9DF-C73E-465D-88DF-9B1B67A447E7}.Release|Any CPU.Build.0 = Release|Any CPU
	EndGlobalSection
	GlobalSection(SolutionProperties) = preSolution
		HideSolutionNode = FALSE
	EndGlobalSection
EndGlobal
